
Microsoft Visual Studio Solution File, Format Version 12.00
# Visual Studio Version 16
VisualStudioVersion = 25.0.1700.0
MinimumVisualStudioVersion = 10.0.40219.1
Project("{FAE04EC0-301F-11D3-BF4B-00C04F79EFBC}") = "E2F-Server2", "E2F-Server2.csproj", "{A41755A3-18EB-4A88-80F5-5776C7C0D74A}"
EndProject
Global
	GlobalSection(SolutionConfigurationPlatforms) = preSolution
		Debug|Any CPU = Debug|Any CPU
		Release|Any CPU = Release|Any CPU
	EndGlobalSection
	GlobalSection(ProjectConfigurationPlatforms) = postSolution
		{A41755A3-18EB-4A88-80F5-5776C7C0D74A}.Debug|Any CPU.ActiveCfg = Debug|Any CPU
		{A41755A3-18EB-4A88-80F5-5776C7C0D74A}.Debug|Any CPU.Build.0 = Debug|Any CPU
		{A41755A3-18EB-4A88-80F5-5776C7C0D74A}.Release|Any CPU.ActiveCfg = Release|Any CPU
		{A41755A3-18EB-4A88-80F5-5776C7C0D74A}.Release|Any CPU.Build.0 = Release|Any CPU
	EndGlobalSection
	GlobalSection(SolutionProperties) = preSolution
		HideSolutionNode = FALSE
	EndGlobalSection
	GlobalSection(ExtensibilityGlobals) = postSolution
		SolutionGuid = {55E0170A-EE46-43F0-8ACF-04B0FD500FA7}
	EndGlobalSection
EndGlobal
